
Microsoft Visual Studio Solution File, Format Version 12.00
# Visual Studio Version 16
VisualStudioVersion = 16.0.29102.190
MinimumVisualStudioVersion = 10.0.40219.1
Project("{FAE04EC0-301F-11D3-BF4B-00C04F79EFBC}") = "SQLite_Table", "SQLite_Table.csproj", "{BC375660-423C-46A8-9B82-9E1AD1980663}"
EndProject
Global
	GlobalSection(SolutionConfigurationPlatforms) = preSolution
		Debug|Any CPU = Debug|Any CPU
		Release|Any CPU = Release|Any CPU
	EndGlobalSection
	GlobalSection(ProjectConfigurationPlatforms) = postSolution
		{BC375660-423C-46A8-9B82-9E1AD1980663}.Debug|Any CPU.ActiveCfg = Debug|Any CPU
		{BC375660-423C-46A8-9B82-9E1AD1980663}.Debug|Any CPU.Build.0 = Debug|Any CPU
		{BC375660-423C-46A8-9B82-9E1AD1980663}.Release|Any CPU.ActiveCfg = Release|Any CPU
		{BC375660-423C-46A8-9B82-9E1AD1980663}.Release|Any CPU.Build.0 = Release|Any CPU
	EndGlobalSection
	GlobalSection(SolutionProperties) = preSolution
		HideSolutionNode = FALSE
	EndGlobalSection
	GlobalSection(ExtensibilityGlobals) = postSolution
		SolutionGuid = {0377F155-3345-4CB1-B841-3966D9A092B7}
	EndGlobalSection
EndGlobal
